
Microsoft Visual Studio Solution File, Format Version 12.00
# Visual Studio Version 16
VisualStudioVersion = 16.0.29613.14
MinimumVisualStudioVersion = 10.0.40219.1
Project("{9A19103F-16F7-4668-BE54-9A1E7A4F7556}") = "Datafordeler.GDBIntegrator", "Datafordeler.GDBIntegrator\Datafordeler.GDBIntegrator.csproj", "{92D9AB9C-6326-4436-BE81-71D41EDD51C8}"
EndProject
Project("{9A19103F-16F7-4668-BE54-9A1E7A4F7556}") = "Datafordeler.GDBIntegrator.Tests", "Datafordeler.GDBIntegrator.Tests\Datafordeler.GDBIntegrator.Tests.csproj", "{48055F24-D0E8-4BF6-BCC7-60707AACC29B}"
EndProject
Global
	GlobalSection(SolutionConfigurationPlatforms) = preSolution
		Debug|Any CPU = Debug|Any CPU
		Release|Any CPU = Release|Any CPU
	EndGlobalSection
	GlobalSection(ProjectConfigurationPlatforms) = postSolution
		{92D9AB9C-6326-4436-BE81-71D41EDD51C8}.Debug|Any CPU.ActiveCfg = Debug|Any CPU
		{92D9AB9C-6326-4436-BE81-71D41EDD51C8}.Debug|Any CPU.Build.0 = Debug|Any CPU
		{92D9AB9C-6326-4436-BE81-71D41EDD51C8}.Release|Any CPU.ActiveCfg = Release|Any CPU
		{92D9AB9C-6326-4436-BE81-71D41EDD51C8}.Release|Any CPU.Build.0 = Release|Any CPU
		{48055F24-D0E8-4BF6-BCC7-60707AACC29B}.Debug|Any CPU.ActiveCfg = Debug|Any CPU
		{48055F24-D0E8-4BF6-BCC7-60707AACC29B}.Debug|Any CPU.Build.0 = Debug|Any CPU
		{48055F24-D0E8-4BF6-BCC7-60707AACC29B}.Release|Any CPU.ActiveCfg = Release|Any CPU
		{48055F24-D0E8-4BF6-BCC7-60707AACC29B}.Release|Any CPU.Build.0 = Release|Any CPU
	EndGlobalSection
	GlobalSection(SolutionProperties) = preSolution
		HideSolutionNode = FALSE
	EndGlobalSection
	GlobalSection(ExtensibilityGlobals) = postSolution
		SolutionGuid = {E6102DFB-BF5C-4D19-98FA-5A26BFC947DD}
	EndGlobalSection
EndGlobal
